
Microsoft Visual Studio Solution File, Format Version 11.00
# Visual Studio 2010
Project("{FAE04EC0-301F-11D3-BF4B-00C04F79EFBC}") = "Munyabe.FxCop.Rules", "Munyabe.FxCop.Rules\Munyabe.FxCop.Rules.csproj", "{EDF4684E-8A39-46B1-8842-9B9DB67268D7}"
EndProject
Project("{2150E333-8FDC-42A3-9474-1A3956D46DE8}") = "ReferenceAssemblies", "ReferenceAssemblies", "{2F8790A6-D2D0-4095-814C-C4B29EA48C15}"
	ProjectSection(SolutionItems) = preProject
		ReferenceAssemblies\FxCopSdk.dll = ReferenceAssemblies\FxCopSdk.dll
		ReferenceAssemblies\Microsoft.Cci.dll = ReferenceAssemblies\Microsoft.Cci.dll
	EndProjectSection
EndProject
Project("{2150E333-8FDC-42A3-9474-1A3956D46DE8}") = "CodeAnalysis", "CodeAnalysis", "{430BCC40-A294-4C76-8D11-8F24C2119E3E}"
	ProjectSection(SolutionItems) = preProject
		CodeAnalysis\CodeAnalysisConfiguration.xml = CodeAnalysis\CodeAnalysisConfiguration.xml
		CodeAnalysis\Munyabe.FxCop.Rules.Test.FxCop = CodeAnalysis\Munyabe.FxCop.Rules.Test.FxCop
		CodeAnalysis\Munyabe.FxCop.Rules.Test.ruleset = CodeAnalysis\Munyabe.FxCop.Rules.Test.ruleset
	EndProjectSection
EndProject
Project("{FAE04EC0-301F-11D3-BF4B-00C04F79EFBC}") = "Test.Munyabe.FxCop.Rules", "Test.Munyabe.FxCop.Rules\Test.Munyabe.FxCop.Rules.csproj", "{A74140A6-A210-412A-B69C-1EAA412D5590}"
EndProject
Project("{2150E333-8FDC-42A3-9474-1A3956D46DE8}") = "Solution Items", "Solution Items", "{4FC825CB-8579-45E0-A73E-56C93820B591}"
	ProjectSection(SolutionItems) = preProject
		Local.testsettings = Local.testsettings
		Munyabe.FxCop.Rules.vsmdi = Munyabe.FxCop.Rules.vsmdi
		TraceAndTestImpact.testsettings = TraceAndTestImpact.testsettings
	EndProjectSection
EndProject
Global
	GlobalSection(TestCaseManagementSettings) = postSolution
		CategoryFile = Munyabe.FxCop.Rules.vsmdi
	EndGlobalSection
	GlobalSection(SolutionConfigurationPlatforms) = preSolution
		Debug|Any CPU = Debug|Any CPU
		Release|Any CPU = Release|Any CPU
	EndGlobalSection
	GlobalSection(ProjectConfigurationPlatforms) = postSolution
		{EDF4684E-8A39-46B1-8842-9B9DB67268D7}.Debug|Any CPU.ActiveCfg = Debug|Any CPU
		{EDF4684E-8A39-46B1-8842-9B9DB67268D7}.Debug|Any CPU.Build.0 = Debug|Any CPU
		{EDF4684E-8A39-46B1-8842-9B9DB67268D7}.Release|Any CPU.ActiveCfg = Release|Any CPU
		{EDF4684E-8A39-46B1-8842-9B9DB67268D7}.Release|Any CPU.Build.0 = Release|Any CPU
		{A74140A6-A210-412A-B69C-1EAA412D5590}.Debug|Any CPU.ActiveCfg = Debug|Any CPU
		{A74140A6-A210-412A-B69C-1EAA412D5590}.Debug|Any CPU.Build.0 = Debug|Any CPU
		{A74140A6-A210-412A-B69C-1EAA412D5590}.Release|Any CPU.ActiveCfg = Release|Any CPU
		{A74140A6-A210-412A-B69C-1EAA412D5590}.Release|Any CPU.Build.0 = Release|Any CPU
	EndGlobalSection
	GlobalSection(SolutionProperties) = preSolution
		HideSolutionNode = FALSE
	EndGlobalSection
EndGlobal
